
Microsoft Visual Studio Solution File, Format Version 12.00
# Visual Studio 2013
VisualStudioVersion = 12.0.30501.0
MinimumVisualStudioVersion = 10.0.40219.1
Project("{F184B08F-C81C-45F6-A57F-5ABD9991F28F}") = "ConsoleApplicationTest", "ConsoleApplicationTest\ConsoleApplicationTest.vbproj", "{B8BD8B61-2CE3-40D1-8029-B77F59B4662B}"
EndProject
Global
	GlobalSection(SolutionConfigurationPlatforms) = preSolution
		Debug|Any CPU = Debug|Any CPU
		Release|Any CPU = Release|Any CPU
	EndGlobalSection
	GlobalSection(ProjectConfigurationPlatforms) = postSolution
		{B8BD8B61-2CE3-40D1-8029-B77F59B4662B}.Debug|Any CPU.ActiveCfg = Debug|Any CPU
		{B8BD8B61-2CE3-40D1-8029-B77F59B4662B}.Debug|Any CPU.Build.0 = Debug|Any CPU
		{B8BD8B61-2CE3-40D1-8029-B77F59B4662B}.Release|Any CPU.ActiveCfg = Release|Any CPU
		{B8BD8B61-2CE3-40D1-8029-B77F59B4662B}.Release|Any CPU.Build.0 = Release|Any CPU
	EndGlobalSection
	GlobalSection(SolutionProperties) = preSolution
		HideSolutionNode = FALSE
	EndGlobalSection
EndGlobal
